
Microsoft Visual Studio Solution File, Format Version 12.00
# Visual Studio Version 17
VisualStudioVersion = 17.5.33530.505
MinimumVisualStudioVersion = 10.0.40219.1
Project("{9A19103F-16F7-4668-BE54-9A1E7A4F7556}") = "CourseManagementSystem", "CourseManagementSystem\CourseManagementSystem.csproj", "{4DE57ED8-C61E-48DA-979A-C919D223FED0}"
EndProject
Project("{FAE04EC0-301F-11D3-BF4B-00C04F79EFBC}") = "CourseManagementTesting", "CourseManagementTesting\CourseManagementTesting.csproj", "{2A85FAB7-A805-4F84-8BC8-B7E047F06A51}"
EndProject
Global
	GlobalSection(SolutionConfigurationPlatforms) = preSolution
		Debug|Any CPU = Debug|Any CPU
		Release|Any CPU = Release|Any CPU
	EndGlobalSection
	GlobalSection(ProjectConfigurationPlatforms) = postSolution
		{4DE57ED8-C61E-48DA-979A-C919D223FED0}.Debug|Any CPU.ActiveCfg = Debug|Any CPU
		{4DE57ED8-C61E-48DA-979A-C919D223FED0}.Debug|Any CPU.Build.0 = Debug|Any CPU
		{4DE57ED8-C61E-48DA-979A-C919D223FED0}.Release|Any CPU.ActiveCfg = Release|Any CPU
		{4DE57ED8-C61E-48DA-979A-C919D223FED0}.Release|Any CPU.Build.0 = Release|Any CPU
		{2A85FAB7-A805-4F84-8BC8-B7E047F06A51}.Debug|Any CPU.ActiveCfg = Debug|Any CPU
		{2A85FAB7-A805-4F84-8BC8-B7E047F06A51}.Debug|Any CPU.Build.0 = Debug|Any CPU
		{2A85FAB7-A805-4F84-8BC8-B7E047F06A51}.Release|Any CPU.ActiveCfg = Release|Any CPU
		{2A85FAB7-A805-4F84-8BC8-B7E047F06A51}.Release|Any CPU.Build.0 = Release|Any CPU
	EndGlobalSection
	GlobalSection(SolutionProperties) = preSolution
		HideSolutionNode = FALSE
	EndGlobalSection
	GlobalSection(ExtensibilityGlobals) = postSolution
		SolutionGuid = {6691C960-2AC2-4667-8CB6-129B276C0616}
	EndGlobalSection
EndGlobal
